
Microsoft Visual Studio Solution File, Format Version 12.00
# Visual Studio Version 17
VisualStudioVersion = 17.14.36414.22
MinimumVisualStudioVersion = 10.0.40219.1
Project("{FAE04EC0-301F-11D3-BF4B-00C04F79EFBC}") = "Atlantis", "Atlantis\Atlantis.csproj", "{142DCF41-0686-46BA-B3AB-3F5D47A6E7F7}"
EndProject
Project("{2150E333-8FDC-42A3-9474-1A3956D46DE8}") = "Solution Items", "Solution Items", "{02EA681E-C7D8-13C7-8484-4AC65E1B71E8}"
	ProjectSection(SolutionItems) = preProject
		.editorconfig = .editorconfig
	EndProjectSection
EndProject
Project("{FAE04EC0-301F-11D3-BF4B-00C04F79EFBC}") = "Box2DNet", "Box2DNet\Box2DNet.csproj", "{7E000B69-B8C0-4D1B-BFCB-DD88E80EE999}"
EndProject
Global
	GlobalSection(SolutionConfigurationPlatforms) = preSolution
		Debug|Any CPU = Debug|Any CPU
		Release|Any CPU = Release|Any CPU
	EndGlobalSection
	GlobalSection(ProjectConfigurationPlatforms) = postSolution
		{142DCF41-0686-46BA-B3AB-3F5D47A6E7F7}.Debug|Any CPU.ActiveCfg = Debug|Any CPU
		{142DCF41-0686-46BA-B3AB-3F5D47A6E7F7}.Debug|Any CPU.Build.0 = Debug|Any CPU
		{142DCF41-0686-46BA-B3AB-3F5D47A6E7F7}.Release|Any CPU.ActiveCfg = Release|Any CPU
		{142DCF41-0686-46BA-B3AB-3F5D47A6E7F7}.Release|Any CPU.Build.0 = Release|Any CPU
		{7E000B69-B8C0-4D1B-BFCB-DD88E80EE999}.Debug|Any CPU.ActiveCfg = Debug|Any CPU
		{7E000B69-B8C0-4D1B-BFCB-DD88E80EE999}.Debug|Any CPU.Build.0 = Debug|Any CPU
		{7E000B69-B8C0-4D1B-BFCB-DD88E80EE999}.Release|Any CPU.ActiveCfg = Release|Any CPU
		{7E000B69-B8C0-4D1B-BFCB-DD88E80EE999}.Release|Any CPU.Build.0 = Release|Any CPU
	EndGlobalSection
	GlobalSection(SolutionProperties) = preSolution
		HideSolutionNode = FALSE
	EndGlobalSection
	GlobalSection(ExtensibilityGlobals) = postSolution
		SolutionGuid = {22E35DF7-2077-4D3A-BF0F-399C9E7F98B0}
	EndGlobalSection
EndGlobal
