
Microsoft Visual Studio Solution File, Format Version 12.00
# Visual Studio Version 17
VisualStudioVersion = 17.14.36414.22 d17.14
MinimumVisualStudioVersion = 10.0.40219.1
Project("{FAE04EC0-301F-11D3-BF4B-00C04F79EFBC}") = "Atlantis", "Atlantis\Atlantis.csproj", "{1292F611-64D8-4825-859E-8CA4F42186A0}"
EndProject
Global
	GlobalSection(SolutionConfigurationPlatforms) = preSolution
		Debug|Any CPU = Debug|Any CPU
		Release|Any CPU = Release|Any CPU
	EndGlobalSection
	GlobalSection(ProjectConfigurationPlatforms) = postSolution
		{1292F611-64D8-4825-859E-8CA4F42186A0}.Debug|Any CPU.ActiveCfg = Debug|Any CPU
		{1292F611-64D8-4825-859E-8CA4F42186A0}.Debug|Any CPU.Build.0 = Debug|Any CPU
		{1292F611-64D8-4825-859E-8CA4F42186A0}.Release|Any CPU.ActiveCfg = Release|Any CPU
		{1292F611-64D8-4825-859E-8CA4F42186A0}.Release|Any CPU.Build.0 = Release|Any CPU
	EndGlobalSection
	GlobalSection(SolutionProperties) = preSolution
		HideSolutionNode = FALSE
	EndGlobalSection
	GlobalSection(ExtensibilityGlobals) = postSolution
		SolutionGuid = {772AE468-C3C8-4EE9-A9AB-041250A0B646}
	EndGlobalSection
EndGlobal
